
Microsoft Visual Studio Solution File, Format Version 12.00
# Visual Studio Version 16
VisualStudioVersion = 16.0.30406.217
MinimumVisualStudioVersion = 10.0.40219.1
Project("{9A19103F-16F7-4668-BE54-9A1E7A4F7556}") = "RentalBikeApp", "RentalBikeApp\RentalBikeApp.csproj", "{2557F916-3DF6-403F-A409-9427B8B11EFE}"
EndProject
Project("{9A19103F-16F7-4668-BE54-9A1E7A4F7556}") = "ReantalBikeTest", "ReantalBikeTest\ReantalBikeTest.csproj", "{E3DE7E07-388F-40B5-A58E-AA6C9CF1399D}"
EndProject
Project("{54435603-DBB4-11D2-8724-00A0C9A8B90C}") = "Setup", "Setup\Setup.vdproj", "{90CEE140-99AF-4BA9-BF51-0D7BE2374C40}"
EndProject
Global
	GlobalSection(SolutionConfigurationPlatforms) = preSolution
		Debug|Any CPU = Debug|Any CPU
		Release|Any CPU = Release|Any CPU
	EndGlobalSection
	GlobalSection(ProjectConfigurationPlatforms) = postSolution
		{2557F916-3DF6-403F-A409-9427B8B11EFE}.Debug|Any CPU.ActiveCfg = Debug|Any CPU
		{2557F916-3DF6-403F-A409-9427B8B11EFE}.Debug|Any CPU.Build.0 = Debug|Any CPU
		{2557F916-3DF6-403F-A409-9427B8B11EFE}.Release|Any CPU.ActiveCfg = Release|Any CPU
		{2557F916-3DF6-403F-A409-9427B8B11EFE}.Release|Any CPU.Build.0 = Release|Any CPU
		{E3DE7E07-388F-40B5-A58E-AA6C9CF1399D}.Debug|Any CPU.ActiveCfg = Debug|Any CPU
		{E3DE7E07-388F-40B5-A58E-AA6C9CF1399D}.Debug|Any CPU.Build.0 = Debug|Any CPU
		{E3DE7E07-388F-40B5-A58E-AA6C9CF1399D}.Release|Any CPU.ActiveCfg = Release|Any CPU
		{E3DE7E07-388F-40B5-A58E-AA6C9CF1399D}.Release|Any CPU.Build.0 = Release|Any CPU
		{90CEE140-99AF-4BA9-BF51-0D7BE2374C40}.Debug|Any CPU.ActiveCfg = Debug
		{90CEE140-99AF-4BA9-BF51-0D7BE2374C40}.Release|Any CPU.ActiveCfg = Release
	EndGlobalSection
	GlobalSection(SolutionProperties) = preSolution
		HideSolutionNode = FALSE
	EndGlobalSection
	GlobalSection(ExtensibilityGlobals) = postSolution
		SolutionGuid = {BD084371-EDF9-4EF7-9BE8-C637F4D6F192}
	EndGlobalSection
EndGlobal
