
Microsoft Visual Studio Solution File, Format Version 12.00
# Visual Studio Version 16
VisualStudioVersion = 16.0.30406.217
MinimumVisualStudioVersion = 10.0.40219.1
Project("{FAE04EC0-301F-11D3-BF4B-00C04F79EFBC}") = "RentalBikeUNitTest", "RentalBikeUNitTest\RentalBikeUNitTest.csproj", "{BC1E0B79-5294-4B9C-A08C-6F2609C86837}"
EndProject
Global
	GlobalSection(SolutionConfigurationPlatforms) = preSolution
		Debug|Any CPU = Debug|Any CPU
		Release|Any CPU = Release|Any CPU
	EndGlobalSection
	GlobalSection(ProjectConfigurationPlatforms) = postSolution
		{BC1E0B79-5294-4B9C-A08C-6F2609C86837}.Debug|Any CPU.ActiveCfg = Debug|Any CPU
		{BC1E0B79-5294-4B9C-A08C-6F2609C86837}.Debug|Any CPU.Build.0 = Debug|Any CPU
		{BC1E0B79-5294-4B9C-A08C-6F2609C86837}.Release|Any CPU.ActiveCfg = Release|Any CPU
		{BC1E0B79-5294-4B9C-A08C-6F2609C86837}.Release|Any CPU.Build.0 = Release|Any CPU
	EndGlobalSection
	GlobalSection(SolutionProperties) = preSolution
		HideSolutionNode = FALSE
	EndGlobalSection
	GlobalSection(ExtensibilityGlobals) = postSolution
		SolutionGuid = {F2028CEB-EDE5-4285-9B29-273E6C8A82E5}
	EndGlobalSection
EndGlobal
